
Microsoft Visual Studio Solution File, Format Version 12.00
# Visual Studio 15
VisualStudioVersion = 15.0.26430.16
MinimumVisualStudioVersion = 10.0.40219.1
Project("{F184B08F-C81C-45F6-A57F-5ABD9991F28F}") = "VBZmotifSample", "VBZmotifSample\VBZmotifSample.vbproj", "{FB76763B-0D63-4483-B6B3-885832C1E251}"
EndProject
Global
	GlobalSection(SolutionConfigurationPlatforms) = preSolution
		Debug|Any CPU = Debug|Any CPU
		Debug|x86 = Debug|x86
		Release|Any CPU = Release|Any CPU
		Release|x86 = Release|x86
	EndGlobalSection
	GlobalSection(ProjectConfigurationPlatforms) = postSolution
		{FB76763B-0D63-4483-B6B3-885832C1E251}.Debug|Any CPU.ActiveCfg = Debug|Any CPU
		{FB76763B-0D63-4483-B6B3-885832C1E251}.Debug|Any CPU.Build.0 = Debug|Any CPU
		{FB76763B-0D63-4483-B6B3-885832C1E251}.Debug|x86.ActiveCfg = Debug|x86
		{FB76763B-0D63-4483-B6B3-885832C1E251}.Debug|x86.Build.0 = Debug|x86
		{FB76763B-0D63-4483-B6B3-885832C1E251}.Release|Any CPU.ActiveCfg = Release|Any CPU
		{FB76763B-0D63-4483-B6B3-885832C1E251}.Release|Any CPU.Build.0 = Release|Any CPU
		{FB76763B-0D63-4483-B6B3-885832C1E251}.Release|x86.ActiveCfg = Release|x86
		{FB76763B-0D63-4483-B6B3-885832C1E251}.Release|x86.Build.0 = Release|x86
	EndGlobalSection
	GlobalSection(SolutionProperties) = preSolution
		HideSolutionNode = FALSE
	EndGlobalSection
EndGlobal
